
Microsoft Visual Studio Solution File, Format Version 12.00
# Visual Studio Version 16
VisualStudioVersion = 16.0.31702.278
MinimumVisualStudioVersion = 10.0.40219.1
Project("{FAE04EC0-301F-11D3-BF4B-00C04F79EFBC}") = "PasswordGenerator", "PasswordGenerator\PasswordGenerator.csproj", "{1CB47845-EAF7-4C36-ACFE-D82F955000AE}"
EndProject
Project("{FAE04EC0-301F-11D3-BF4B-00C04F79EFBC}") = "Engine", "Engine\Engine.csproj", "{0AB18D9F-8594-4890-B29F-14CB48BBFC56}"
EndProject
Global
	GlobalSection(SolutionConfigurationPlatforms) = preSolution
		Debug|Any CPU = Debug|Any CPU
		Release|Any CPU = Release|Any CPU
	EndGlobalSection
	GlobalSection(ProjectConfigurationPlatforms) = postSolution
		{1CB47845-EAF7-4C36-ACFE-D82F955000AE}.Debug|Any CPU.ActiveCfg = Debug|Any CPU
		{1CB47845-EAF7-4C36-ACFE-D82F955000AE}.Debug|Any CPU.Build.0 = Debug|Any CPU
		{1CB47845-EAF7-4C36-ACFE-D82F955000AE}.Release|Any CPU.ActiveCfg = Release|Any CPU
		{1CB47845-EAF7-4C36-ACFE-D82F955000AE}.Release|Any CPU.Build.0 = Release|Any CPU
		{0AB18D9F-8594-4890-B29F-14CB48BBFC56}.Debug|Any CPU.ActiveCfg = Debug|Any CPU
		{0AB18D9F-8594-4890-B29F-14CB48BBFC56}.Debug|Any CPU.Build.0 = Debug|Any CPU
		{0AB18D9F-8594-4890-B29F-14CB48BBFC56}.Release|Any CPU.ActiveCfg = Release|Any CPU
		{0AB18D9F-8594-4890-B29F-14CB48BBFC56}.Release|Any CPU.Build.0 = Release|Any CPU
	EndGlobalSection
	GlobalSection(SolutionProperties) = preSolution
		HideSolutionNode = FALSE
	EndGlobalSection
	GlobalSection(ExtensibilityGlobals) = postSolution
		SolutionGuid = {EBAFB69B-0B0B-4A7E-8D38-3181C5A6820B}
	EndGlobalSection
EndGlobal
